
Microsoft Visual Studio Solution File, Format Version 12.00
# Visual Studio Version 17
VisualStudioVersion = 17.5.33502.453
MinimumVisualStudioVersion = 10.0.40219.1
Project("{FAE04EC0-301F-11D3-BF4B-00C04F79EFBC}") = "Homework #6.1", "Homework #6.1.csproj", "{D292085B-12EB-4D0D-8199-5361F6DD2D95}"
EndProject
Global
	GlobalSection(SolutionConfigurationPlatforms) = preSolution
		Debug|Any CPU = Debug|Any CPU
		Release|Any CPU = Release|Any CPU
	EndGlobalSection
	GlobalSection(ProjectConfigurationPlatforms) = postSolution
		{D292085B-12EB-4D0D-8199-5361F6DD2D95}.Debug|Any CPU.ActiveCfg = Debug|Any CPU
		{D292085B-12EB-4D0D-8199-5361F6DD2D95}.Debug|Any CPU.Build.0 = Debug|Any CPU
		{D292085B-12EB-4D0D-8199-5361F6DD2D95}.Release|Any CPU.ActiveCfg = Release|Any CPU
		{D292085B-12EB-4D0D-8199-5361F6DD2D95}.Release|Any CPU.Build.0 = Release|Any CPU
	EndGlobalSection
	GlobalSection(SolutionProperties) = preSolution
		HideSolutionNode = FALSE
	EndGlobalSection
	GlobalSection(ExtensibilityGlobals) = postSolution
		SolutionGuid = {ADB26E6B-88FD-4F95-A9EC-BB5E4BC843EA}
	EndGlobalSection
EndGlobal
